# THIS IS AN AUTOGENERATED FILE. DO NOT EDIT THIS FILE DIRECTLY.
# yarn lockfile v1


signal-polyfill@^0.1.0:
  version "0.1.0"
  resolved "https://registry.yarnpkg.com/signal-polyfill/-/signal-polyfill-0.1.0.tgz#508b79978bfb2f555e4c55398f1ae5a1d5050a14"
  integrity sha512-RMyLaEor0noasIsXmvLfRNf/QeF3eND6A1WErMqJ5ZLc3dpI7aifcZMwwpLafJkGnyLSWraK8gcXaAqxCtxxeg==
